
Microsoft Visual Studio Solution File, Format Version 12.00
# Visual Studio Version 17
VisualStudioVersion = 17.1.32328.378
MinimumVisualStudioVersion = 10.0.40219.1
Project("{8BC9CEB8-8B4A-11D0-8D11-00A0C91BC942}") = "stack", "Lab_2\Lab_2.vcxproj", "{130B5BC0-1968-4AC3-9454-A85537C83D95}"
EndProject
Project("{8BC9CEB8-8B4A-11D0-8D11-00A0C91BC942}") = "queue", "queue\queue.vcxproj", "{F0847204-B2C5-4A56-A126-0764CDA3B726}"
EndProject
Global
	GlobalSection(SolutionConfigurationPlatforms) = preSolution
		Debug|x64 = Debug|x64
		Debug|x86 = Debug|x86
		Release|x64 = Release|x64
		Release|x86 = Release|x86
	EndGlobalSection
	GlobalSection(ProjectConfigurationPlatforms) = postSolution
		{130B5BC0-1968-4AC3-9454-A85537C83D95}.Debug|x64.ActiveCfg = Debug|x64
		{130B5BC0-1968-4AC3-9454-A85537C83D95}.Debug|x64.Build.0 = Debug|x64
		{130B5BC0-1968-4AC3-9454-A85537C83D95}.Debug|x86.ActiveCfg = Debug|Win32
		{130B5BC0-1968-4AC3-9454-A85537C83D95}.Debug|x86.Build.0 = Debug|Win32
		{130B5BC0-1968-4AC3-9454-A85537C83D95}.Release|x64.ActiveCfg = Release|x64
		{130B5BC0-1968-4AC3-9454-A85537C83D95}.Release|x64.Build.0 = Release|x64
		{130B5BC0-1968-4AC3-9454-A85537C83D95}.Release|x86.ActiveCfg = Release|Win32
		{130B5BC0-1968-4AC3-9454-A85537C83D95}.Release|x86.Build.0 = Release|Win32
		{F0847204-B2C5-4A56-A126-0764CDA3B726}.Debug|x64.ActiveCfg = Debug|x64
		{F0847204-B2C5-4A56-A126-0764CDA3B726}.Debug|x64.Build.0 = Debug|x64
		{F0847204-B2C5-4A56-A126-0764CDA3B726}.Debug|x86.ActiveCfg = Debug|Win32
		{F0847204-B2C5-4A56-A126-0764CDA3B726}.Debug|x86.Build.0 = Debug|Win32
		{F0847204-B2C5-4A56-A126-0764CDA3B726}.Release|x64.ActiveCfg = Release|x64
		{F0847204-B2C5-4A56-A126-0764CDA3B726}.Release|x64.Build.0 = Release|x64
		{F0847204-B2C5-4A56-A126-0764CDA3B726}.Release|x86.ActiveCfg = Release|Win32
		{F0847204-B2C5-4A56-A126-0764CDA3B726}.Release|x86.Build.0 = Release|Win32
	EndGlobalSection
	GlobalSection(SolutionProperties) = preSolution
		HideSolutionNode = FALSE
	EndGlobalSection
	GlobalSection(ExtensibilityGlobals) = postSolution
		SolutionGuid = {832E448A-6162-4A58-8344-9126DAF08E24}
	EndGlobalSection
EndGlobal
