
Microsoft Visual Studio Solution File, Format Version 12.00
# Visual Studio Version 17
VisualStudioVersion = 17.1.32421.90
MinimumVisualStudioVersion = 10.0.40219.1
Project("{FAE04EC0-301F-11D3-BF4B-00C04F79EFBC}") = "Lab_4", "Lab_4\Lab_4.csproj", "{9ECE4F3A-2F1A-4C44-902D-DA9ED07841DB}"
EndProject
Global
	GlobalSection(SolutionConfigurationPlatforms) = preSolution
		Debug|Any CPU = Debug|Any CPU
		Release|Any CPU = Release|Any CPU
	EndGlobalSection
	GlobalSection(ProjectConfigurationPlatforms) = postSolution
		{9ECE4F3A-2F1A-4C44-902D-DA9ED07841DB}.Debug|Any CPU.ActiveCfg = Debug|Any CPU
		{9ECE4F3A-2F1A-4C44-902D-DA9ED07841DB}.Debug|Any CPU.Build.0 = Debug|Any CPU
		{9ECE4F3A-2F1A-4C44-902D-DA9ED07841DB}.Release|Any CPU.ActiveCfg = Release|Any CPU
		{9ECE4F3A-2F1A-4C44-902D-DA9ED07841DB}.Release|Any CPU.Build.0 = Release|Any CPU
	EndGlobalSection
	GlobalSection(SolutionProperties) = preSolution
		HideSolutionNode = FALSE
	EndGlobalSection
	GlobalSection(ExtensibilityGlobals) = postSolution
		SolutionGuid = {989382B2-73CD-4E5C-9457-AA20D59AA986}
	EndGlobalSection
EndGlobal
